{
  "name": "VNUF",
  "lockfileVersion": 3,
  "requires": true,
  "packages": {
    "": {
      "dependencies": {
        "@mimo-ai/cli": "^0.1.5"
      }
    },
    "node_modules/@mimo-ai/cli": {
      "version": "0.1.5",
      "resolved": "https://registry.npmjs.org/@mimo-ai/cli/-/cli-0.1.5.tgz",
      "integrity": "sha512-9qmFr0IAOuKOORy40P3CTSJcDx3GEIyT+27nTcRdVT/n6PjmhIdya8nvtdh6kCWSy5MBZEioRdaOC2sksq2uqw==",
      "hasInstallScript": true,
      "license": "MIT",
      "bin": {
        "mimo": "bin/mimo"
      },
      "optionalDependencies": {
        "@mimo-ai/mimocode-darwin-arm64": "0.1.5",
        "@mimo-ai/mimocode-darwin-x64": "0.1.5",
        "@mimo-ai/mimocode-darwin-x64-baseline": "0.1.5",
        "@mimo-ai/mimocode-linux-arm64": "0.1.5",
        "@mimo-ai/mimocode-linux-arm64-musl": "0.1.5",
        "@mimo-ai/mimocode-linux-x64": "0.1.5",
        "@mimo-ai/mimocode-linux-x64-baseline": "0.1.5",
        "@mimo-ai/mimocode-linux-x64-baseline-musl": "0.1.5",
        "@mimo-ai/mimocode-linux-x64-musl": "0.1.5",
        "@mimo-ai/mimocode-windows-arm64": "0.1.5",
        "@mimo-ai/mimocode-windows-x64": "0.1.5",
        "@mimo-ai/mimocode-windows-x64-baseline": "0.1.5"
      }
    },
    "node_modules/@mimo-ai/mimocode-darwin-arm64": {
      "version": "0.1.5",
      "resolved": "https://registry.npmjs.org/@mimo-ai/mimocode-darwin-arm64/-/mimocode-darwin-arm64-0.1.5.tgz",
      "integrity": "sha512-vVn4+oYwJLCnl4rEkpQ1IVDq2UYcuAGmSAo8NZspxKs0A1qk+7omJcqMZplK1WVD0XpkKuxAY78hMylmWd8wng==",
      "cpu": [
        "arm64"
      ],
      "license": "MIT",
      "optional": true,
      "os": [
        "darwin"
      ]
    },
    "node_modules/@mimo-ai/mimocode-darwin-x64": {
      "version": "0.1.5",
      "resolved": "https://registry.npmjs.org/@mimo-ai/mimocode-darwin-x64/-/mimocode-darwin-x64-0.1.5.tgz",
      "integrity": "sha512-meiZLb7Xja5HAiV4iH5U1TBY/b+vvyo41AXmdP+YFvsVjgtb9tVmDBWBdSsDKjwtPLqrrtzPrDl0VnBaRvEn7A==",
      "cpu": [
        "x64"
      ],
      "license": "MIT",
      "optional": true,
      "os": [
        "darwin"
      ]
    },
    "node_modules/@mimo-ai/mimocode-darwin-x64-baseline": {
      "version": "0.1.5",
      "resolved": "https://registry.npmjs.org/@mimo-ai/mimocode-darwin-x64-baseline/-/mimocode-darwin-x64-baseline-0.1.5.tgz",
      "integrity": "sha512-rndshZoFDl9UBQS5bd9gti2lyF6NVkoygz9viXwkMVeANUcPelygEeKAqIlmsdaebBw5L1rfHKvmt1uJucUthw==",
      "cpu": [
        "x64"
      ],
      "license": "MIT",
      "optional": true,
      "os": [
        "darwin"
      ]
    },
    "node_modules/@mimo-ai/mimocode-linux-arm64": {
      "version": "0.1.5",
      "resolved": "https://registry.npmjs.org/@mimo-ai/mimocode-linux-arm64/-/mimocode-linux-arm64-0.1.5.tgz",
      "integrity": "sha512-N+63xdv6lo1796h9V0uuXcF/KZq5jrQgozcxtk2/wVpWlOQky+yEniHhHI2dby5tyRShwCqta9iLVr9eLqoD2A==",
      "cpu": [
        "arm64"
      ],
      "license": "MIT",
      "optional": true,
      "os": [
        "linux"
      ]
    },
    "node_modules/@mimo-ai/mimocode-linux-arm64-musl": {
      "version": "0.1.5",
      "resolved": "https://registry.npmjs.org/@mimo-ai/mimocode-linux-arm64-musl/-/mimocode-linux-arm64-musl-0.1.5.tgz",
      "integrity": "sha512-7ZOu2icsI7D7YtQVRxPXTj1/BEudqMUg8oJOguO6SVO84FatZFRRL/N0m77LKvnEWSt0hp2ZZy+KyEkvgHe7vA==",
      "cpu": [
        "arm64"
      ],
      "license": "MIT",
      "optional": true,
      "os": [
        "linux"
      ]
    },
    "node_modules/@mimo-ai/mimocode-linux-x64": {
      "version": "0.1.5",
      "resolved": "https://registry.npmjs.org/@mimo-ai/mimocode-linux-x64/-/mimocode-linux-x64-0.1.5.tgz",
      "integrity": "sha512-PeBjmCi+Ca6BoXnWMtWSyBNN1StlqXpNtMzMWdk96CTbkBdIHT3MkCHKQUZxwm5674e3V7uZN80Q3CoicDvs6A==",
      "cpu": [
        "x64"
      ],
      "license": "MIT",
      "optional": true,
      "os": [
        "linux"
      ]
    },
    "node_modules/@mimo-ai/mimocode-linux-x64-baseline": {
      "version": "0.1.5",
      "resolved": "https://registry.npmjs.org/@mimo-ai/mimocode-linux-x64-baseline/-/mimocode-linux-x64-baseline-0.1.5.tgz",
      "integrity": "sha512-ML1kZNs/BbgXSc+ydboxDUc5xlklXsXSE3K/ig9D9hdFY/7qza0+vQcnCYVSXpHxhNKzIM5oEeSEyxKBvX0knw==",
      "cpu": [
        "x64"
      ],
      "license": "MIT",
      "optional": true,
      "os": [
        "linux"
      ]
    },
    "node_modules/@mimo-ai/mimocode-linux-x64-baseline-musl": {
      "version": "0.1.5",
      "resolved": "https://registry.npmjs.org/@mimo-ai/mimocode-linux-x64-baseline-musl/-/mimocode-linux-x64-baseline-musl-0.1.5.tgz",
      "integrity": "sha512-KIoebD/ApcCGMaH6jH9cFoCqq+nn/zjRFxdd3LKbmB4Y3tgmAiXcxwkaDApjLHZPYbC/IqvLSFZHwN3P6/8Bvg==",
      "cpu": [
        "x64"
      ],
      "license": "MIT",
      "optional": true,
      "os": [
        "linux"
      ]
    },
    "node_modules/@mimo-ai/mimocode-linux-x64-musl": {
      "version": "0.1.5",
      "resolved": "https://registry.npmjs.org/@mimo-ai/mimocode-linux-x64-musl/-/mimocode-linux-x64-musl-0.1.5.tgz",
      "integrity": "sha512-eMUTB2iBBb/j9lXQmL0GcX7UzybeiTpK5brFqL6ZfjBll+6nwi0bYY0e3H8qLbMSwBZpiva3pKErvIbrtIOSOA==",
      "cpu": [
        "x64"
      ],
      "license": "MIT",
      "optional": true,
      "os": [
        "linux"
      ]
    },
    "node_modules/@mimo-ai/mimocode-windows-arm64": {
      "version": "0.1.5",
      "resolved": "https://registry.npmjs.org/@mimo-ai/mimocode-windows-arm64/-/mimocode-windows-arm64-0.1.5.tgz",
      "integrity": "sha512-kkTtLGDhr7ppJDDBGH5AP73bWdwZwCRVCdWvo7yaMBO4fDr+KaehtXhU0U+rlN7FYWcGP4Ftt5jHzDpsOj85Tw==",
      "cpu": [
        "arm64"
      ],
      "license": "MIT",
      "optional": true,
      "os": [
        "win32"
      ]
    },
    "node_modules/@mimo-ai/mimocode-windows-x64": {
      "version": "0.1.5",
      "resolved": "https://registry.npmjs.org/@mimo-ai/mimocode-windows-x64/-/mimocode-windows-x64-0.1.5.tgz",
      "integrity": "sha512-pr9/XivDkw8BSE9QOkHe+jVt3lvq6KazS++bMB+PQZfScYJj5j07SNIp5EbmGcLpjlRskH57Cvwx81jiKu1FIQ==",
      "cpu": [
        "x64"
      ],
      "license": "MIT",
      "optional": true,
      "os": [
        "win32"
      ]
    },
    "node_modules/@mimo-ai/mimocode-windows-x64-baseline": {
      "version": "0.1.5",
      "resolved": "https://registry.npmjs.org/@mimo-ai/mimocode-windows-x64-baseline/-/mimocode-windows-x64-baseline-0.1.5.tgz",
      "integrity": "sha512-/YTHjL6YUO3DIFbSGnsKuZYmmtdPE1zoS0bquT38gZTd1f2KyEhvONChoeopCRAIAeJzhvic2MgPn0QS9Xehiw==",
      "cpu": [
        "x64"
      ],
      "license": "MIT",
      "optional": true,
      "os": [
        "win32"
      ]
    }
  }
}
